
Microsoft Visual Studio Solution File, Format Version 12.00
# Visual Studio Version 17
VisualStudioVersion = 17.0.31710.8
MinimumVisualStudioVersion = 10.0.40219.1
Project("{8BC9CEB8-8B4A-11D0-8D11-00A0C91BC942}") = "homeworkanimals", "homeworkanimals\homeworkanimals.vcxproj", "{429BBC3C-0F2B-4989-A944-48D35C3F1918}"
EndProject
Global
	GlobalSection(SolutionConfigurationPlatforms) = preSolution
		Debug|x64 = Debug|x64
		Debug|x86 = Debug|x86
		Release|x64 = Release|x64
		Release|x86 = Release|x86
	EndGlobalSection
	GlobalSection(ProjectConfigurationPlatforms) = postSolution
		{429BBC3C-0F2B-4989-A944-48D35C3F1918}.Debug|x64.ActiveCfg = Debug|x64
		{429BBC3C-0F2B-4989-A944-48D35C3F1918}.Debug|x64.Build.0 = Debug|x64
		{429BBC3C-0F2B-4989-A944-48D35C3F1918}.Debug|x86.ActiveCfg = Debug|Win32
		{429BBC3C-0F2B-4989-A944-48D35C3F1918}.Debug|x86.Build.0 = Debug|Win32
		{429BBC3C-0F2B-4989-A944-48D35C3F1918}.Release|x64.ActiveCfg = Release|x64
		{429BBC3C-0F2B-4989-A944-48D35C3F1918}.Release|x64.Build.0 = Release|x64
		{429BBC3C-0F2B-4989-A944-48D35C3F1918}.Release|x86.ActiveCfg = Release|Win32
		{429BBC3C-0F2B-4989-A944-48D35C3F1918}.Release|x86.Build.0 = Release|Win32
	EndGlobalSection
	GlobalSection(SolutionProperties) = preSolution
		HideSolutionNode = FALSE
	EndGlobalSection
	GlobalSection(ExtensibilityGlobals) = postSolution
		SolutionGuid = {50E362DB-D6F9-415E-9060-C42E961CA1D4}
	EndGlobalSection
EndGlobal
